
Microsoft Visual Studio Solution File, Format Version 12.00
# Visual Studio Version 16
VisualStudioVersion = 16.0.30002.166
MinimumVisualStudioVersion = 10.0.40219.1
Project("{8BC9CEB8-8B4A-11D0-8D11-00A0C91BC942}") = "Console", "Console\Console.vcxproj", "{DBA99313-075B-4183-843A-A06A1E209D97}"
EndProject
Project("{8BC9CEB8-8B4A-11D0-8D11-00A0C91BC942}") = "shared", "src\shared\shared.vcxproj", "{DF70D038-5DEC-4957-B2B8-289F083C5294}"
EndProject
Project("{2150E333-8FDC-42A3-9474-1A3956D46DE8}") = "unit_tests", "unit_tests", "{F978D746-446A-4B23-83C7-79ECB7E2E3DD}"
EndProject
Project("{8BC9CEB8-8B4A-11D0-8D11-00A0C91BC942}") = "shared_google_tests", "test\shared_google_tests\shared_google_tests.vcxproj", "{C6526452-C280-41A2-AEAE-DBCEFA5B8EA5}"
EndProject
Project("{8BC9CEB8-8B4A-11D0-8D11-00A0C91BC942}") = "symbol_manager", "src\symbol_manager\symbol_manager.vcxproj", "{262E86ED-58E2-4E79-8C1E-1D77681766F6}"
EndProject
Project("{8BC9CEB8-8B4A-11D0-8D11-00A0C91BC942}") = "symbol_manager_tests", "test\symbol_manager_tests\symbol_manager_tests.vcxproj", "{180681D8-C44B-445A-9378-83776A91827F}"
EndProject
Project("{8BC9CEB8-8B4A-11D0-8D11-00A0C91BC942}") = "tasks", "src\tasks\tasks.vcxproj", "{3511A194-ADBE-4E75-AE02-47BBD22E09D4}"
EndProject
Project("{8BC9CEB8-8B4A-11D0-8D11-00A0C91BC942}") = "tasks_test", "test\tasks_test\tasks_test.vcxproj", "{7C2016F9-DF6D-4B23-9763-842E2C66CBE6}"
EndProject
Global
	GlobalSection(SolutionConfigurationPlatforms) = preSolution
		Debug|x64 = Debug|x64
		Debug|x86 = Debug|x86
		Release|x64 = Release|x64
		Release|x86 = Release|x86
	EndGlobalSection
	GlobalSection(ProjectConfigurationPlatforms) = postSolution
		{DBA99313-075B-4183-843A-A06A1E209D97}.Debug|x64.ActiveCfg = Debug|x64
		{DBA99313-075B-4183-843A-A06A1E209D97}.Debug|x64.Build.0 = Debug|x64
		{DBA99313-075B-4183-843A-A06A1E209D97}.Debug|x86.ActiveCfg = Debug|Win32
		{DBA99313-075B-4183-843A-A06A1E209D97}.Debug|x86.Build.0 = Debug|Win32
		{DBA99313-075B-4183-843A-A06A1E209D97}.Release|x64.ActiveCfg = Release|x64
		{DBA99313-075B-4183-843A-A06A1E209D97}.Release|x64.Build.0 = Release|x64
		{DBA99313-075B-4183-843A-A06A1E209D97}.Release|x86.ActiveCfg = Release|Win32
		{DBA99313-075B-4183-843A-A06A1E209D97}.Release|x86.Build.0 = Release|Win32
		{DF70D038-5DEC-4957-B2B8-289F083C5294}.Debug|x64.ActiveCfg = Debug|x64
		{DF70D038-5DEC-4957-B2B8-289F083C5294}.Debug|x64.Build.0 = Debug|x64
		{DF70D038-5DEC-4957-B2B8-289F083C5294}.Debug|x86.ActiveCfg = Debug|Win32
		{DF70D038-5DEC-4957-B2B8-289F083C5294}.Debug|x86.Build.0 = Debug|Win32
		{DF70D038-5DEC-4957-B2B8-289F083C5294}.Release|x64.ActiveCfg = Release|x64
		{DF70D038-5DEC-4957-B2B8-289F083C5294}.Release|x64.Build.0 = Release|x64
		{DF70D038-5DEC-4957-B2B8-289F083C5294}.Release|x86.ActiveCfg = Release|Win32
		{DF70D038-5DEC-4957-B2B8-289F083C5294}.Release|x86.Build.0 = Release|Win32
		{C6526452-C280-41A2-AEAE-DBCEFA5B8EA5}.Debug|x64.ActiveCfg = Debug|x64
		{C6526452-C280-41A2-AEAE-DBCEFA5B8EA5}.Debug|x64.Build.0 = Debug|x64
		{C6526452-C280-41A2-AEAE-DBCEFA5B8EA5}.Debug|x86.ActiveCfg = Debug|Win32
		{C6526452-C280-41A2-AEAE-DBCEFA5B8EA5}.Debug|x86.Build.0 = Debug|Win32
		{C6526452-C280-41A2-AEAE-DBCEFA5B8EA5}.Release|x64.ActiveCfg = Release|x64
		{C6526452-C280-41A2-AEAE-DBCEFA5B8EA5}.Release|x64.Build.0 = Release|x64
		{C6526452-C280-41A2-AEAE-DBCEFA5B8EA5}.Release|x86.ActiveCfg = Release|Win32
		{C6526452-C280-41A2-AEAE-DBCEFA5B8EA5}.Release|x86.Build.0 = Release|Win32
		{262E86ED-58E2-4E79-8C1E-1D77681766F6}.Debug|x64.ActiveCfg = Debug|x64
		{262E86ED-58E2-4E79-8C1E-1D77681766F6}.Debug|x64.Build.0 = Debug|x64
		{262E86ED-58E2-4E79-8C1E-1D77681766F6}.Debug|x86.ActiveCfg = Debug|Win32
		{262E86ED-58E2-4E79-8C1E-1D77681766F6}.Debug|x86.Build.0 = Debug|Win32
		{262E86ED-58E2-4E79-8C1E-1D77681766F6}.Release|x64.ActiveCfg = Release|x64
		{262E86ED-58E2-4E79-8C1E-1D77681766F6}.Release|x64.Build.0 = Release|x64
		{262E86ED-58E2-4E79-8C1E-1D77681766F6}.Release|x86.ActiveCfg = Release|Win32
		{262E86ED-58E2-4E79-8C1E-1D77681766F6}.Release|x86.Build.0 = Release|Win32
		{180681D8-C44B-445A-9378-83776A91827F}.Debug|x64.ActiveCfg = Debug|x64
		{180681D8-C44B-445A-9378-83776A91827F}.Debug|x64.Build.0 = Debug|x64
		{180681D8-C44B-445A-9378-83776A91827F}.Debug|x86.ActiveCfg = Debug|Win32
		{180681D8-C44B-445A-9378-83776A91827F}.Debug|x86.Build.0 = Debug|Win32
		{180681D8-C44B-445A-9378-83776A91827F}.Release|x64.ActiveCfg = Release|x64
		{180681D8-C44B-445A-9378-83776A91827F}.Release|x64.Build.0 = Release|x64
		{180681D8-C44B-445A-9378-83776A91827F}.Release|x86.ActiveCfg = Release|Win32
		{180681D8-C44B-445A-9378-83776A91827F}.Release|x86.Build.0 = Release|Win32
		{3511A194-ADBE-4E75-AE02-47BBD22E09D4}.Debug|x64.ActiveCfg = Debug|x64
		{3511A194-ADBE-4E75-AE02-47BBD22E09D4}.Debug|x64.Build.0 = Debug|x64
		{3511A194-ADBE-4E75-AE02-47BBD22E09D4}.Debug|x86.ActiveCfg = Debug|Win32
		{3511A194-ADBE-4E75-AE02-47BBD22E09D4}.Debug|x86.Build.0 = Debug|Win32
		{3511A194-ADBE-4E75-AE02-47BBD22E09D4}.Release|x64.ActiveCfg = Release|x64
		{3511A194-ADBE-4E75-AE02-47BBD22E09D4}.Release|x64.Build.0 = Release|x64
		{3511A194-ADBE-4E75-AE02-47BBD22E09D4}.Release|x86.ActiveCfg = Release|Win32
		{3511A194-ADBE-4E75-AE02-47BBD22E09D4}.Release|x86.Build.0 = Release|Win32
		{7C2016F9-DF6D-4B23-9763-842E2C66CBE6}.Debug|x64.ActiveCfg = Debug|x64
		{7C2016F9-DF6D-4B23-9763-842E2C66CBE6}.Debug|x64.Build.0 = Debug|x64
		{7C2016F9-DF6D-4B23-9763-842E2C66CBE6}.Debug|x86.ActiveCfg = Debug|Win32
		{7C2016F9-DF6D-4B23-9763-842E2C66CBE6}.Debug|x86.Build.0 = Debug|Win32
		{7C2016F9-DF6D-4B23-9763-842E2C66CBE6}.Release|x64.ActiveCfg = Release|x64
		{7C2016F9-DF6D-4B23-9763-842E2C66CBE6}.Release|x64.Build.0 = Release|x64
		{7C2016F9-DF6D-4B23-9763-842E2C66CBE6}.Release|x86.ActiveCfg = Release|Win32
		{7C2016F9-DF6D-4B23-9763-842E2C66CBE6}.Release|x86.Build.0 = Release|Win32
	EndGlobalSection
	GlobalSection(SolutionProperties) = preSolution
		HideSolutionNode = FALSE
	EndGlobalSection
	GlobalSection(NestedProjects) = preSolution
		{C6526452-C280-41A2-AEAE-DBCEFA5B8EA5} = {F978D746-446A-4B23-83C7-79ECB7E2E3DD}
		{180681D8-C44B-445A-9378-83776A91827F} = {F978D746-446A-4B23-83C7-79ECB7E2E3DD}
		{7C2016F9-DF6D-4B23-9763-842E2C66CBE6} = {F978D746-446A-4B23-83C7-79ECB7E2E3DD}
	EndGlobalSection
	GlobalSection(ExtensibilityGlobals) = postSolution
		SolutionGuid = {784C4542-C7C6-47D9-893D-9FA91F2470CE}
	EndGlobalSection
EndGlobal
