<?xml version="1.0" encoding="utf-8"?>
<Project ToolsVersion="4.0" xmlns="http://schemas.microsoft.com/developer/msbuild/2003">
  <ItemGroup>
    <Filter Include="Source Files">
      <UniqueIdentifier>{4FC737F1-C7A5-4376-A066-2A32D752A2FF}</UniqueIdentifier>
      <Extensions>cpp;c;cc;cxx;c++;def;odl;idl;hpj;bat;asm;asmx</Extensions>
    </Filter>
    <Filter Include="Header Files">
      <UniqueIdentifier>{93995380-89BD-4b04-88EB-625FBE52EBFB}</UniqueIdentifier>
      <Extensions>h;hh;hpp;hxx;h++;hm;inl;inc;ipp;xsd</Extensions>
    </Filter>
    <Filter Include="Resource Files">
      <UniqueIdentifier>{67DA6AB6-F800-4c08-8B7A-83BB121AAD01}</UniqueIdentifier>
      <Extensions>rc;ico;cur;bmp;dlg;rc2;rct;bin;rgs;gif;jpg;jpeg;jpe;resx;tiff;tif;png;wav;mfcribbon-ms</Extensions>
    </Filter>
    <Filter Include="Header Files\Model">
      <UniqueIdentifier>{6e16fb4a-f243-45c4-9d22-7ddd66aeb703}</UniqueIdentifier>
    </Filter>
    <Filter Include="Source Files\Model">
      <UniqueIdentifier>{efedf68d-bedd-4efe-817b-024944dc80a3}</UniqueIdentifier>
    </Filter>
    <Filter Include="Source Files\Service">
      <UniqueIdentifier>{b2072946-6854-471b-aebd-7315105033b2}</UniqueIdentifier>
    </Filter>
    <Filter Include="Header Files\service">
      <UniqueIdentifier>{17405cc1-7bd5-4e68-a4e3-81364530587d}</UniqueIdentifier>
    </Filter>
    <Filter Include="Header Files\service\impl">
      <UniqueIdentifier>{dccef1b7-4483-4918-968a-aec461a9bc0c}</UniqueIdentifier>
    </Filter>
  </ItemGroup>
  <ItemGroup>
    <ClInclude Include="$(SolutionDir)include\symbol_manager\symbol_manager_export.h">
      <Filter>Header Files</Filter>
    </ClInclude>
    <ClInclude Include="$(SolutionDir)src\symbol_manager\pch.h">
      <Filter>Header Files</Filter>
    </ClInclude>
    <ClInclude Include="$(SolutionDir)include\symbol_manager\nt_symbol_path.h">
      <Filter>Header Files\Model</Filter>
    </ClInclude>
    <ClInclude Include="$(SolutionDir)include\symbol_manager\settings.h">
      <Filter>Header Files\Model</Filter>
    </ClInclude>
    <ClInclude Include="$(SolutionDir)include\symbol_manager\symbol_path_service.h">
      <Filter>Header Files\service</Filter>
    </ClInclude>
    <ClInclude Include="$(SolutionDir)src\symbol_manager\symbol_path_service_impl.h">
      <Filter>Header Files\service\impl</Filter>
    </ClInclude>
  </ItemGroup>
  <ItemGroup>
    <ClCompile Include="$(SolutionDir)src\symbol_manager\pch.cpp">
      <Filter>Source Files</Filter>
    </ClCompile>
    <ClCompile Include="$(SolutionDir)src\symbol_manager\nt_symbol_path.cpp">
      <Filter>Source Files\Model</Filter>
    </ClCompile>
    <ClCompile Include="$(SolutionDir)src\symbol_manager\symbol_path_service_impl.cpp">
      <Filter>Source Files\Service</Filter>
    </ClCompile>
  </ItemGroup>
  <ItemGroup>
    <None Include="cpp.hint" />
  </ItemGroup>
</Project>