<?xml version="1.0" encoding="utf-8"?>
<Project ToolsVersion="4.0" xmlns="http://schemas.microsoft.com/developer/msbuild/2003">
  <ItemGroup>
    <Filter Include="Source Files">
      <UniqueIdentifier>{4FC737F1-C7A5-4376-A066-2A32D752A2FF}</UniqueIdentifier>
      <Extensions>cpp;c;cc;cxx;c++;def;odl;idl;hpj;bat;asm;asmx</Extensions>
    </Filter>
    <Filter Include="Header Files">
      <UniqueIdentifier>{93995380-89BD-4b04-88EB-625FBE52EBFB}</UniqueIdentifier>
      <Extensions>h;hh;hpp;hxx;h++;hm;inl;inc;ipp;xsd</Extensions>
    </Filter>
    <Filter Include="Source Files\Infrastructure">
      <UniqueIdentifier>{4ade6450-0135-423d-90ff-f443c42c9b77}</UniqueIdentifier>
    </Filter>
    <Filter Include="Source Files\Model">
      <UniqueIdentifier>{a5382d0b-7bdf-4b6b-a9ce-d5a6202edab4}</UniqueIdentifier>
    </Filter>
    <Filter Include="Source Files\Services">
      <UniqueIdentifier>{cd3867cc-2de6-4139-b697-54fb2790485e}</UniqueIdentifier>
    </Filter>
    <Filter Include="Header Files\model">
      <UniqueIdentifier>{a93efb25-6e6c-4963-a8d0-f6c4f3f60eb7}</UniqueIdentifier>
    </Filter>
    <Filter Include="Header Files\model\impl">
      <UniqueIdentifier>{1dbd814d-ebe9-4d3c-a1ad-0d7e3d9fb25b}</UniqueIdentifier>
    </Filter>
    <Filter Include="Header Files\infrastructure">
      <UniqueIdentifier>{555ef3bc-8d2d-4258-a8db-78af7b2071a3}</UniqueIdentifier>
    </Filter>
    <Filter Include="Header Files\infrastructure\impl">
      <UniqueIdentifier>{c2cdd681-f65a-4716-a75a-0dc4dbd88de5}</UniqueIdentifier>
    </Filter>
    <Filter Include="Header Files\extensions">
      <UniqueIdentifier>{69eac279-0c65-4877-a1cb-30c48b7b187b}</UniqueIdentifier>
    </Filter>
    <Filter Include="Header Files\services">
      <UniqueIdentifier>{a7ab1828-881f-4ab9-ba8d-acef1f32060a}</UniqueIdentifier>
    </Filter>
    <Filter Include="Header Files\services\impl">
      <UniqueIdentifier>{ca19d149-79cd-4979-82f3-09305469242f}</UniqueIdentifier>
    </Filter>
  </ItemGroup>
  <ItemGroup>
    <ClInclude Include="$(SolutionDir)\include\shared\collection.h">
      <Filter>Header Files\extensions</Filter>
    </ClInclude>
    <ClInclude Include="$(SolutionDir)\include\shared\string_extensions.h">
      <Filter>Header Files\extensions</Filter>
    </ClInclude>
    <ClInclude Include="$(SolutionDir)\include\shared\bad_owner_access.h">
      <Filter>Header Files\infrastructure</Filter>
    </ClInclude>
    <ClInclude Include="$(SolutionDir)\include\shared\file_service.h">
      <Filter>Header Files\services</Filter>
    </ClInclude>
    <ClInclude Include="$(SolutionDir)\include\shared\process.h">
      <Filter>Header Files\model</Filter>
    </ClInclude>
    <ClInclude Include="$(SolutionDir)\include\shared\data_member.h">
      <Filter>Header Files\infrastructure</Filter>
    </ClInclude>
    <ClInclude Include="$(SolutionDir)\include\shared\environment_repository.h">
      <Filter>Header Files\infrastructure</Filter>
    </ClInclude>
    <ClInclude Include="$(SolutionDir)\include\shared\invalid_handle.h">
      <Filter>Header Files\infrastructure</Filter>
    </ClInclude>
    <ClInclude Include="$(SolutionDir)\include\shared\command_result.h">
      <Filter>Header Files\model</Filter>
    </ClInclude>
    <ClInclude Include="$(SolutionDir)\include\shared\not_found_exception.h">
      <Filter>Header Files\infrastructure</Filter>
    </ClInclude>
    <ClInclude Include="$(SolutionDir)\include\shared\null_handle.h">
      <Filter>Header Files\infrastructure</Filter>
    </ClInclude>
    <ClInclude Include="$(SolutionDir)\include\shared\unique_handle.h">
      <Filter>Header Files\infrastructure</Filter>
    </ClInclude>
    <ClInclude Include="$(SolutionDir)\include\shared\shared_export.h">
      <Filter>Header Files</Filter>
    </ClInclude>
    <ClInclude Include="$(SolutionDir)\include\shared\process_service.h">
      <Filter>Header Files</Filter>
    </ClInclude>
    <ClInclude Include="$(SolutionDir)\src\shared\environment_repository_impl.h">
      <Filter>Header Files\infrastructure\impl</Filter>
    </ClInclude>
    <ClInclude Include="$(SolutionDir)\src\shared\process_impl.h">
      <Filter>Header Files\model\impl</Filter>
    </ClInclude>
    <ClInclude Include="$(SolutionDir)\src\shared\process_service_impl.h">
      <Filter>Header Files\services\impl</Filter>
    </ClInclude>
    <ClInclude Include="$(SolutionDir)\src\shared\file_service_impl.h">
      <Filter>Header Files\services\impl</Filter>
    </ClInclude>
    <ClInclude Include="$(SolutionDir)\src\shared\pch.h">
      <Filter>Header Files</Filter>
    </ClInclude>
  </ItemGroup>
  <ItemGroup>
    <ClCompile Include="$(SolutionDir)\src\shared\environment_repository_impl.cpp">
      <Filter>Source Files\Infrastructure</Filter>
    </ClCompile>
    <ClCompile Include="$(SolutionDir)\src\shared\process_impl.cpp">
      <Filter>Source Files\Model</Filter>
    </ClCompile>
    <ClCompile Include="$(SolutionDir)\src\shared\process_service_impl.cpp">
      <Filter>Source Files\Services</Filter>
    </ClCompile>
    <ClCompile Include="$(SolutionDir)\src\shared\file_service_impl.cpp">
      <Filter>Source Files\Services</Filter>
    </ClCompile>
    <ClCompile Include="$(SolutionDir)\src\shared\pch.cpp">
      <Filter>Source Files</Filter>
    </ClCompile>
  </ItemGroup>
  <ItemGroup>
    <None Include="$(SolutionDir)\src\shared\cpp.hint" />
  </ItemGroup>
</Project>